
Microsoft Visual Studio Solution File, Format Version 12.00
# Visual Studio Version 16
VisualStudioVersion = 16.0.29709.97
MinimumVisualStudioVersion = 10.0.40219.1
Project("{9A19103F-16F7-4668-BE54-9A1E7A4F7556}") = "Genealogie.DAL.ASP", "Genealogie.DAL.ASP.csproj", "{7D625EF8-CF86-4E9C-9F13-0AF66247469F}"
EndProject
Global
	GlobalSection(SolutionConfigurationPlatforms) = preSolution
		Debug|Any CPU = Debug|Any CPU
		Release|Any CPU = Release|Any CPU
	EndGlobalSection
	GlobalSection(ProjectConfigurationPlatforms) = postSolution
		{7D625EF8-CF86-4E9C-9F13-0AF66247469F}.Debug|Any CPU.ActiveCfg = Debug|Any CPU
		{7D625EF8-CF86-4E9C-9F13-0AF66247469F}.Debug|Any CPU.Build.0 = Debug|Any CPU
		{7D625EF8-CF86-4E9C-9F13-0AF66247469F}.Release|Any CPU.ActiveCfg = Release|Any CPU
		{7D625EF8-CF86-4E9C-9F13-0AF66247469F}.Release|Any CPU.Build.0 = Release|Any CPU
	EndGlobalSection
	GlobalSection(SolutionProperties) = preSolution
		HideSolutionNode = FALSE
	EndGlobalSection
	GlobalSection(ExtensibilityGlobals) = postSolution
		SolutionGuid = {BB2F3EC7-5AA7-46B7-BB16-A3E7303805D6}
	EndGlobalSection
EndGlobal
