
Microsoft Visual Studio Solution File, Format Version 12.00
# Visual Studio Version 16
VisualStudioVersion = 16.0.29709.97
MinimumVisualStudioVersion = 10.0.40219.1
Project("{9A19103F-16F7-4668-BE54-9A1E7A4F7556}") = "Genealogie.DAL.Global", "Genealogie.DAL.Global.csproj", "{7422AD76-0A10-40FC-97E0-ACC5D1F558FA}"
EndProject
Project("{FAE04EC0-301F-11D3-BF4B-00C04F79EFBC}") = "consoTest", "..\consoTest\consoTest.csproj", "{27F2CDBC-A894-4042-BEC0-91EB20B4BFE3}"
EndProject
Global
	GlobalSection(SolutionConfigurationPlatforms) = preSolution
		Debug|Any CPU = Debug|Any CPU
		Release|Any CPU = Release|Any CPU
	EndGlobalSection
	GlobalSection(ProjectConfigurationPlatforms) = postSolution
		{7422AD76-0A10-40FC-97E0-ACC5D1F558FA}.Debug|Any CPU.ActiveCfg = Debug|Any CPU
		{7422AD76-0A10-40FC-97E0-ACC5D1F558FA}.Debug|Any CPU.Build.0 = Debug|Any CPU
		{7422AD76-0A10-40FC-97E0-ACC5D1F558FA}.Release|Any CPU.ActiveCfg = Release|Any CPU
		{7422AD76-0A10-40FC-97E0-ACC5D1F558FA}.Release|Any CPU.Build.0 = Release|Any CPU
		{27F2CDBC-A894-4042-BEC0-91EB20B4BFE3}.Debug|Any CPU.ActiveCfg = Debug|Any CPU
		{27F2CDBC-A894-4042-BEC0-91EB20B4BFE3}.Debug|Any CPU.Build.0 = Debug|Any CPU
		{27F2CDBC-A894-4042-BEC0-91EB20B4BFE3}.Release|Any CPU.ActiveCfg = Release|Any CPU
		{27F2CDBC-A894-4042-BEC0-91EB20B4BFE3}.Release|Any CPU.Build.0 = Release|Any CPU
	EndGlobalSection
	GlobalSection(SolutionProperties) = preSolution
		HideSolutionNode = FALSE
	EndGlobalSection
	GlobalSection(ExtensibilityGlobals) = postSolution
		SolutionGuid = {832B2994-E668-44A8-9301-9ACC310E7818}
	EndGlobalSection
EndGlobal
