
Microsoft Visual Studio Solution File, Format Version 12.00
# Visual Studio Version 16
VisualStudioVersion = 16.0.29709.97
MinimumVisualStudioVersion = 10.0.40219.1
Project("{FAE04EC0-301F-11D3-BF4B-00C04F79EFBC}") = "Genealogie.ASP", "Genealogie.ASP\Genealogie.ASP.csproj", "{5FDF21D3-F70B-4F17-83F5-80C292925079}"
EndProject
Project("{FAE04EC0-301F-11D3-BF4B-00C04F79EFBC}") = "testreflexion", "testreflexion\testreflexion.csproj", "{8442C08D-1C36-447A-A928-11343D049EE9}"
EndProject
Project("{FAE04EC0-301F-11D3-BF4B-00C04F79EFBC}") = "ConsoleApp1", "ConsoleApp1\ConsoleApp1.csproj", "{D442618D-C370-44D2-8512-5680769A33CD}"
EndProject
Project("{FAE04EC0-301F-11D3-BF4B-00C04F79EFBC}") = "ConsoleApp2", "ConsoleApp2\ConsoleApp2.csproj", "{3BFD06ED-8692-444E-B82C-00EA45C2C02C}"
EndProject
Global
	GlobalSection(SolutionConfigurationPlatforms) = preSolution
		Debug|Any CPU = Debug|Any CPU
		Release|Any CPU = Release|Any CPU
	EndGlobalSection
	GlobalSection(ProjectConfigurationPlatforms) = postSolution
		{5FDF21D3-F70B-4F17-83F5-80C292925079}.Debug|Any CPU.ActiveCfg = Debug|Any CPU
		{5FDF21D3-F70B-4F17-83F5-80C292925079}.Debug|Any CPU.Build.0 = Debug|Any CPU
		{5FDF21D3-F70B-4F17-83F5-80C292925079}.Release|Any CPU.ActiveCfg = Release|Any CPU
		{5FDF21D3-F70B-4F17-83F5-80C292925079}.Release|Any CPU.Build.0 = Release|Any CPU
		{8442C08D-1C36-447A-A928-11343D049EE9}.Debug|Any CPU.ActiveCfg = Debug|Any CPU
		{8442C08D-1C36-447A-A928-11343D049EE9}.Debug|Any CPU.Build.0 = Debug|Any CPU
		{8442C08D-1C36-447A-A928-11343D049EE9}.Release|Any CPU.ActiveCfg = Release|Any CPU
		{8442C08D-1C36-447A-A928-11343D049EE9}.Release|Any CPU.Build.0 = Release|Any CPU
		{D442618D-C370-44D2-8512-5680769A33CD}.Debug|Any CPU.ActiveCfg = Debug|Any CPU
		{D442618D-C370-44D2-8512-5680769A33CD}.Debug|Any CPU.Build.0 = Debug|Any CPU
		{D442618D-C370-44D2-8512-5680769A33CD}.Release|Any CPU.ActiveCfg = Release|Any CPU
		{D442618D-C370-44D2-8512-5680769A33CD}.Release|Any CPU.Build.0 = Release|Any CPU
		{3BFD06ED-8692-444E-B82C-00EA45C2C02C}.Debug|Any CPU.ActiveCfg = Debug|Any CPU
		{3BFD06ED-8692-444E-B82C-00EA45C2C02C}.Debug|Any CPU.Build.0 = Debug|Any CPU
		{3BFD06ED-8692-444E-B82C-00EA45C2C02C}.Release|Any CPU.ActiveCfg = Release|Any CPU
		{3BFD06ED-8692-444E-B82C-00EA45C2C02C}.Release|Any CPU.Build.0 = Release|Any CPU
	EndGlobalSection
	GlobalSection(SolutionProperties) = preSolution
		HideSolutionNode = FALSE
	EndGlobalSection
	GlobalSection(ExtensibilityGlobals) = postSolution
		SolutionGuid = {EA4EA71F-ACFD-4EF9-B1EE-5CEDCBB9ED91}
	EndGlobalSection
EndGlobal
